<Solution>
  <Folder Name="/src/">
    <Project Path="Notifications/Notifications.Worker/Notifications.Worker.csproj" />
  </Folder>
  <Folder Name="/solution-items/">
    <File Path=".editorconfig" />
    <File Path="Directory.Packages.props" />
  </Folder>
  <Project Path="docker-compose.dcproj">
    <Build />
  </Project>
</Solution>
